
Microsoft Visual Studio Solution File, Format Version 12.00
Project("{FAE04EC0-301F-11D3-BF4B-00C04F79EFBC}") = "LeitnerSystem.Domain", "LeitnerSystem.Domain\LeitnerSystem.Domain.csproj", "{5BE30E0E-609F-4330-B9F0-F698332F4A0B}"
EndProject
Project("{FAE04EC0-301F-11D3-BF4B-00C04F79EFBC}") = "Tests", "Tests\Tests.csproj", "{7FE70013-2F18-44FF-859F-74747B6D51DA}"
EndProject
Project("{FAE04EC0-301F-11D3-BF4B-00C04F79EFBC}") = "LeitnerSystem.Application", "LeitnerSystem.Application\LeitnerSystem.Application.csproj", "{1B093FB9-DEC5-41B8-971B-0C631C611F97}"
EndProject
Project("{FAE04EC0-301F-11D3-BF4B-00C04F79EFBC}") = "LeitnerSystem.Infrastructure", "LeitnerSystem.Infrastructure\LeitnerSystem.Infrastructure.csproj", "{55894398-C3C6-4320-B5E1-7E7C5A1D7AC0}"
EndProject
Global
	GlobalSection(SolutionConfigurationPlatforms) = preSolution
		Debug|Any CPU = Debug|Any CPU
		Release|Any CPU = Release|Any CPU
	EndGlobalSection
	GlobalSection(ProjectConfigurationPlatforms) = postSolution
		{5BE30E0E-609F-4330-B9F0-F698332F4A0B}.Debug|Any CPU.ActiveCfg = Debug|Any CPU
		{5BE30E0E-609F-4330-B9F0-F698332F4A0B}.Debug|Any CPU.Build.0 = Debug|Any CPU
		{5BE30E0E-609F-4330-B9F0-F698332F4A0B}.Release|Any CPU.ActiveCfg = Release|Any CPU
		{5BE30E0E-609F-4330-B9F0-F698332F4A0B}.Release|Any CPU.Build.0 = Release|Any CPU
		{7FE70013-2F18-44FF-859F-74747B6D51DA}.Debug|Any CPU.ActiveCfg = Debug|Any CPU
		{7FE70013-2F18-44FF-859F-74747B6D51DA}.Debug|Any CPU.Build.0 = Debug|Any CPU
		{7FE70013-2F18-44FF-859F-74747B6D51DA}.Release|Any CPU.ActiveCfg = Release|Any CPU
		{7FE70013-2F18-44FF-859F-74747B6D51DA}.Release|Any CPU.Build.0 = Release|Any CPU
		{1B093FB9-DEC5-41B8-971B-0C631C611F97}.Debug|Any CPU.ActiveCfg = Debug|Any CPU
		{1B093FB9-DEC5-41B8-971B-0C631C611F97}.Debug|Any CPU.Build.0 = Debug|Any CPU
		{1B093FB9-DEC5-41B8-971B-0C631C611F97}.Release|Any CPU.ActiveCfg = Release|Any CPU
		{1B093FB9-DEC5-41B8-971B-0C631C611F97}.Release|Any CPU.Build.0 = Release|Any CPU
		{55894398-C3C6-4320-B5E1-7E7C5A1D7AC0}.Debug|Any CPU.ActiveCfg = Debug|Any CPU
		{55894398-C3C6-4320-B5E1-7E7C5A1D7AC0}.Debug|Any CPU.Build.0 = Debug|Any CPU
		{55894398-C3C6-4320-B5E1-7E7C5A1D7AC0}.Release|Any CPU.ActiveCfg = Release|Any CPU
		{55894398-C3C6-4320-B5E1-7E7C5A1D7AC0}.Release|Any CPU.Build.0 = Release|Any CPU
	EndGlobalSection
EndGlobal
